{
  "nodes": {
    "all-cabal-hashes": {
      "flake": false,
      "locked": {
        "lastModified": 1714397189,
        "narHash": "sha256-w6Fdq/CepPjir3G71XLoySobSmRSTeosgq4EZm8m1wQ=",
        "owner": "commercialhaskell",
        "repo": "all-cabal-hashes",
        "rev": "9533b16f84dfc2c90c594fca62e708a0b3314b5b",
        "type": "github"
      },
      "original": {
        "owner": "commercialhaskell",
        "ref": "hackage",
        "repo": "all-cabal-hashes",
        "type": "github"
      }
    },
    "nixpkgs": {
      "locked": {
        "lastModified": 1713627711,
        "narHash": "sha256-kWlK1w/rqPBrs5rF4btRgXpzVstmNxA8rgc6kBzc89s=",
        "owner": "NixOS",
        "repo": "nixpkgs",
        "rev": "0c97ced70e0b92d46e5e53e239fec5201f8b0811",
        "type": "github"
      },
      "original": {
        "owner": "NixOS",
        "ref": "nixpkgs-unstable",
        "repo": "nixpkgs",
        "type": "github"
      }
    },
    "root": {
      "inputs": {
        "all-cabal-hashes": "all-cabal-hashes",
        "nixpkgs": "nixpkgs",
        "stacklock2nix": "stacklock2nix"
      }
    },
    "stacklock2nix": {
      "locked": {
        "lastModified": 1705051190,
        "narHash": "sha256-xgH0gaD3dNtOzZzX3A40hZTiHJP5cIGmifbmfcS2OGI=",
        "owner": "cdepillabout",
        "repo": "stacklock2nix",
        "rev": "22676dfc45fa1c33899ba1da1a23665172a18ba7",
        "type": "github"
      },
      "original": {
        "owner": "cdepillabout",
        "repo": "stacklock2nix",
        "type": "github"
      }
    }
  },
  "root": "root",
  "version": 7
}
