{
  "nodes": {
    "all-cabal-hashes": {
      "flake": false,
      "locked": {
        "lastModified": 1714397189,
        "narHash": "sha256-w6Fdq/CepPjir3G71XLoySobSmRSTeosgq4EZm8m1wQ=",
        "owner": "commercialhaskell",
        "repo": "all-cabal-hashes",
        "rev": "9533b16f84dfc2c90c594fca62e708a0b3314b5b",
        "type": "github"
      },
      "original": {
        "owner": "commercialhaskell",
        "ref": "hackage",
        "repo": "all-cabal-hashes",
        "type": "github"
      }
    },
    "nixpkgs": {
      "locked": {
        "lastModified": 1716974296,
        "narHash": "sha256-xLjej3YSHflQWBoKNJBgi5BIFdkqcle7r2MxwnJeUVw=",
        "owner": "NixOS",
        "repo": "nixpkgs",
        "rev": "8bdd5026f4b0378f90c0efe55131ca4f21bf7a4b",
        "type": "github"
      },
      "original": {
        "owner": "NixOS",
        "ref": "nixos-24.05-small",
        "repo": "nixpkgs",
        "type": "github"
      }
    },
    "root": {
      "inputs": {
        "all-cabal-hashes": "all-cabal-hashes",
        "nixpkgs": "nixpkgs",
        "stacklock2nix": "stacklock2nix"
      }
    },
    "stacklock2nix": {
      "locked": {
        "lastModified": 1705051190,
        "narHash": "sha256-xgH0gaD3dNtOzZzX3A40hZTiHJP5cIGmifbmfcS2OGI=",
        "owner": "cdepillabout",
        "repo": "stacklock2nix",
        "rev": "22676dfc45fa1c33899ba1da1a23665172a18ba7",
        "type": "github"
      },
      "original": {
        "owner": "cdepillabout",
        "repo": "stacklock2nix",
        "type": "github"
      }
    }
  },
  "root": "root",
  "version": 7
}
