# This file was autogenerated by Stack.
# You should not edit this file by hand.
# For more information, please see the documentation at:
#   https://docs.haskellstack.org/en/stable/lock_files

packages:
- completed:
    hackage: req-3.10.0@sha256:6fcf6be22d3cfc371a05ee62b75ab5f83734192125fcec9dbd0aceb404aab551,3610
    pantry-tree:
      size: 711
      sha256: fde7e7b311e128fae9ef803b14a689bcdd282c5f64e768b1dd3409d981b89639
  original:
    hackage: req-3.10.0
- completed:
    hackage: http-client-0.7.11@sha256:3f59ac8ffe2a3768846cdda040a0d1df2a413960529ba61c839861c948871967,5756
    pantry-tree:
      size: 2547
      sha256: 8372e84e9c710097f4f80f2016ca15a5a0cd7884b8ac5ce70f26b3110f4401bd
  original:
    hackage: http-client-0.7.11@sha256:3f59ac8ffe2a3768846cdda040a0d1df2a413960529ba61c839861c948871967,5756
- completed:
    hackage: telegram-bot-simple-0.4.3@sha256:49f94b817e0c8ae49e3bded06cd28ce6df4fbfb8ca41ecae90f90e41a192d6df,4741
    pantry-tree:
      size: 2303
      sha256: 739eea41fea3560922c14fe1d30a3eb053e5add8f7e7079f192cfc07b5c6626f
  original:
    hackage: telegram-bot-simple-0.4.3@sha256:49f94b817e0c8ae49e3bded06cd28ce6df4fbfb8ca41ecae90f90e41a192d6df,4741
- completed:
    hackage: servant-multipart-client-0.12.1@sha256:e9e4de8ef9a649fa89bc44393017d92bf95d99cc7583fc066b2b49384c6ea38e,1976
    pantry-tree:
      size: 400
      sha256: 705dc08c7b8a9fffe03a4543296b421327c44c0ad32e662258e1187e98cd9d9a
  original:
    hackage: servant-multipart-client-0.12.1@sha256:e9e4de8ef9a649fa89bc44393017d92bf95d99cc7583fc066b2b49384c6ea38e,1976
snapshots:
- completed:
    size: 590102
    url: https://raw.githubusercontent.com/commercialhaskell/stackage-snapshots/master/lts/18/27.yaml
    sha256: 79a786674930a89301b0e908fad2822a48882f3d01486117693c377b8edffdbe
  original: lts-18.27
