# This file was autogenerated by Stack.
# You should not edit this file by hand.
# For more information, please see the documentation at:
#   https://docs.haskellstack.org/en/stable/lock_files

packages:
- completed:
    hackage: polysemy-1.7.1.0@sha256:3ead7a332abd70b202920ed3bf2e36866de163f821e643adfdcc9d39867b8033,5977
    pantry-tree:
      size: 4577
      sha256: 22f540602a4d5565d4d90bc6084eb4e578f1ed934917a4efd6b01f5b90f49fea
  original:
    hackage: polysemy-1.7.1.0
- completed:
    hackage: polysemy-http-0.7.0.0@sha256:2a494fbc4cd3bbd1dfe5424af8ac20a15eb301ec0c3619f33a97cac35530032c,6786
    pantry-tree:
      size: 2226
      sha256: 45e6ad7402192c2624c67ee3586ac06dfb3c324ffdbb588563dd1738bfa61b51
  original:
    hackage: polysemy-http-0.7.0.0
- completed:
    hackage: polysemy-conc-0.7.0.0@sha256:28374f83ac9263ff5c15c2c323e4a02046c0e221b1087824020c7a565ae53fb8,6108
    pantry-tree:
      size: 3625
      sha256: ae4640f925ae744e0ec1d23800a67fe5ccdda382473ecc70102c426acf0ab9ad
  original:
    hackage: polysemy-conc-0.7.0.0
- completed:
    hackage: polysemy-log-0.6.0.1@sha256:85df631930052258cee8133e07d91d1cc3e63630ab1ba45f0cd5644b80dd24fd,4946
    pantry-tree:
      size: 1860
      sha256: b5d8241b3a243651d95f61bf982a5bb6358b99e5a065a0cda40334f42c1463a9
  original:
    hackage: polysemy-log-0.6.0.1
- completed:
    hackage: polysemy-resume-0.4.0.0@sha256:d56529f434d5406482423ed8f3342f3eb075374f6428fffe23b4c1d8e29a19e4,4226
    pantry-tree:
      size: 891
      sha256: 32ce4cd39346a3526edbea564aca363688e706750c7b059864ed5bddb86681cf
  original:
    hackage: polysemy-resume-0.4.0.0
- completed:
    hackage: polysemy-time-0.4.0.0@sha256:b11dcf5cd12a0a80404b4eb337604a77985aac72863ea897e00f1331b5176da4,4479
    pantry-tree:
      size: 1438
      sha256: 014bfd03ea57591fc7a2dbf6c5a6db17d78905c58c3c8bdffd242aff754b15f2
  original:
    hackage: polysemy-time-0.4.0.0
- completed:
    hackage: incipit-core-0.2.0.0@sha256:a8677251690ea95be107d0d1998f5d09ec863d48f9d591454c96daefbfce7c49,3301
    pantry-tree:
      size: 366
      sha256: 362ed9e7b8fc61a065d4dc058c8c4c3b8db4f9f3c81fd9aea18635ed6ef1bf8a
  original:
    hackage: incipit-core-0.2.0.0
- completed:
    hackage: incipit-base-0.2.0.0@sha256:97964204df8f942a1903fb4ce3171c1121a7a3411a0bd2de7ec1eacbb127129e,3494
    pantry-tree:
      size: 1060
      sha256: accae3a5a6cec9d8a93f71892d84f1a1b140c1754778f4fa2f19283ea72e2c1d
  original:
    hackage: incipit-base-0.2.0.0
- completed:
    hackage: incipit-0.2.1.0@sha256:190f9af449c9916b7de7d2027d5d8d34ee66ea80397dcee2473220222637309e,3590
    pantry-tree:
      size: 674
      sha256: 1284a1b4969a59c962f3bd01cde6264f1a8e04dfdf2dd1dda90461a6fe75ed3b
  original:
    hackage: incipit-0.2.1.0
- completed:
    hackage: exon-0.3.0.0@sha256:160ce4871702daf0bc5c4255135f027392e7beec170782b5244e6c461f2bdc4c,4422
    pantry-tree:
      size: 1059
      sha256: 464260931357f9df3c27bba8608145fe00b4f429bdd2f5f02f2779b0987d5cbc
  original:
    hackage: exon-0.3.0.0
- completed:
    hackage: flatparse-0.3.2.0@sha256:fcc5fa608c4c895b3e198cd3d4e36c3ff7e54ff727f172f3db97b259781d03f7,3816
    pantry-tree:
      size: 979
      sha256: a2c7dfc1cfa818269cff60c71de4bcf6392444e05c9bfa68879a2bb960f4361d
  original:
    hackage: flatparse-0.3.2.0
snapshots:
- completed:
    size: 504966
    url: https://raw.githubusercontent.com/commercialhaskell/stackage-snapshots/master/nightly/2022/3/19.yaml
    sha256: d2c959242638e9f148b0c7323884f1503e00165c4a6fe137873144be246a0c65
  original: nightly-2022-03-19
